
Microsoft Visual Studio Solution File, Format Version 12.00
# Visual Studio Version 16
VisualStudioVersion = 16.0.32413.511
MinimumVisualStudioVersion = 10.0.40219.1
Project("{FAE04EC0-301F-11D3-BF4B-00C04F79EFBC}") = "Kiralama", "Kiralama\Kiralama.csproj", "{06040871-CFF2-441C-ABA4-FC8C39223455}"
EndProject
Global
	GlobalSection(SolutionConfigurationPlatforms) = preSolution
		Debug|Any CPU = Debug|Any CPU
		Release|Any CPU = Release|Any CPU
	EndGlobalSection
	GlobalSection(ProjectConfigurationPlatforms) = postSolution
		{06040871-CFF2-441C-ABA4-FC8C39223455}.Debug|Any CPU.ActiveCfg = Debug|Any CPU
		{06040871-CFF2-441C-ABA4-FC8C39223455}.Debug|Any CPU.Build.0 = Debug|Any CPU
		{06040871-CFF2-441C-ABA4-FC8C39223455}.Release|Any CPU.ActiveCfg = Release|Any CPU
		{06040871-CFF2-441C-ABA4-FC8C39223455}.Release|Any CPU.Build.0 = Release|Any CPU
	EndGlobalSection
	GlobalSection(SolutionProperties) = preSolution
		HideSolutionNode = FALSE
	EndGlobalSection
	GlobalSection(ExtensibilityGlobals) = postSolution
		SolutionGuid = {B1382F75-D0BF-4AB4-AD76-5A32A6B4118C}
	EndGlobalSection
EndGlobal
